
Microsoft Visual Studio Solution File, Format Version 12.00
# Visual Studio Version 17
VisualStudioVersion = 17.4.33205.214
MinimumVisualStudioVersion = 10.0.40219.1
Project("{9A19103F-16F7-4668-BE54-9A1E7A4F7556}") = "EncodingAutoDetection", "..\..\BasicProject\EncodingAutoDetection\EncodingAutoDetection.csproj", "{DD0413FA-3A2F-40C2-88F1-73AC389441DC}"
EndProject
Project("{9A19103F-16F7-4668-BE54-9A1E7A4F7556}") = "SqlDependencySorter", "SqlDependencySorter\SqlDependencySorter.csproj", "{16B7E7FB-8C3A-49DE-88F1-89CBF850CED7}"
EndProject
Project("{FAE04EC0-301F-11D3-BF4B-00C04F79EFBC}") = "SqlDependencySorterTests1", "SqlDependencySorterTests1\SqlDependencySorterTests1.csproj", "{7FA13D4A-0E2D-44D9-90C6-EF13B62C177B}"
EndProject
Global
	GlobalSection(SolutionConfigurationPlatforms) = preSolution
		Debug|Any CPU = Debug|Any CPU
		Release|Any CPU = Release|Any CPU
	EndGlobalSection
	GlobalSection(ProjectConfigurationPlatforms) = postSolution
		{DD0413FA-3A2F-40C2-88F1-73AC389441DC}.Debug|Any CPU.ActiveCfg = Debug|Any CPU
		{DD0413FA-3A2F-40C2-88F1-73AC389441DC}.Debug|Any CPU.Build.0 = Debug|Any CPU
		{DD0413FA-3A2F-40C2-88F1-73AC389441DC}.Release|Any CPU.ActiveCfg = Release|Any CPU
		{DD0413FA-3A2F-40C2-88F1-73AC389441DC}.Release|Any CPU.Build.0 = Release|Any CPU
		{16B7E7FB-8C3A-49DE-88F1-89CBF850CED7}.Debug|Any CPU.ActiveCfg = Debug|Any CPU
		{16B7E7FB-8C3A-49DE-88F1-89CBF850CED7}.Debug|Any CPU.Build.0 = Debug|Any CPU
		{16B7E7FB-8C3A-49DE-88F1-89CBF850CED7}.Release|Any CPU.ActiveCfg = Release|Any CPU
		{16B7E7FB-8C3A-49DE-88F1-89CBF850CED7}.Release|Any CPU.Build.0 = Release|Any CPU
		{7FA13D4A-0E2D-44D9-90C6-EF13B62C177B}.Debug|Any CPU.ActiveCfg = Debug|Any CPU
		{7FA13D4A-0E2D-44D9-90C6-EF13B62C177B}.Debug|Any CPU.Build.0 = Debug|Any CPU
		{7FA13D4A-0E2D-44D9-90C6-EF13B62C177B}.Release|Any CPU.ActiveCfg = Release|Any CPU
		{7FA13D4A-0E2D-44D9-90C6-EF13B62C177B}.Release|Any CPU.Build.0 = Release|Any CPU
	EndGlobalSection
	GlobalSection(SolutionProperties) = preSolution
		HideSolutionNode = FALSE
	EndGlobalSection
	GlobalSection(ExtensibilityGlobals) = postSolution
		SolutionGuid = {0F9F320E-ADB8-4A76-98BB-5AF4D4FB2258}
	EndGlobalSection
EndGlobal
